
Microsoft Visual Studio Solution File, Format Version 12.00
# Visual Studio Version 16
VisualStudioVersion = 16.0.31729.503
MinimumVisualStudioVersion = 10.0.40219.1
Project("{FAE04EC0-301F-11D3-BF4B-00C04F79EFBC}") = "Popapp", "Popapp\Popapp.csproj", "{21266653-5957-4CD6-9763-EB8257D73D8A}"
EndProject
Global
	GlobalSection(SolutionConfigurationPlatforms) = preSolution
		Debug|Any CPU = Debug|Any CPU
		Release|Any CPU = Release|Any CPU
	EndGlobalSection
	GlobalSection(ProjectConfigurationPlatforms) = postSolution
		{21266653-5957-4CD6-9763-EB8257D73D8A}.Debug|Any CPU.ActiveCfg = Debug|Any CPU
		{21266653-5957-4CD6-9763-EB8257D73D8A}.Debug|Any CPU.Build.0 = Debug|Any CPU
		{21266653-5957-4CD6-9763-EB8257D73D8A}.Release|Any CPU.ActiveCfg = Release|Any CPU
		{21266653-5957-4CD6-9763-EB8257D73D8A}.Release|Any CPU.Build.0 = Release|Any CPU
	EndGlobalSection
	GlobalSection(SolutionProperties) = preSolution
		HideSolutionNode = FALSE
	EndGlobalSection
	GlobalSection(ExtensibilityGlobals) = postSolution
		SolutionGuid = {00AFFD34-45D8-461D-AD09-9222BCC2472B}
	EndGlobalSection
EndGlobal
